
Microsoft Visual Studio Solution File, Format Version 12.00
# Visual Studio Version 17
VisualStudioVersion = 17.5.33516.290
MinimumVisualStudioVersion = 10.0.40219.1
Project("{FAE04EC0-301F-11D3-BF4B-00C04F79EFBC}") = "Multitenant.API", "Multitenant.API\Multitenant.API.csproj", "{B23FCAEE-6441-4BAB-ABA1-94FB48B48526}"
EndProject
Project("{FAE04EC0-301F-11D3-BF4B-00C04F79EFBC}") = "Multitenant.Core", "Multitenant.Core\Multitenant.Core.csproj", "{88F4E5F5-7C77-4628-93BF-CB5CA4D51BB6}"
EndProject
Project("{FAE04EC0-301F-11D3-BF4B-00C04F79EFBC}") = "Multitenant.Infrastructure", "Multitenant.Infrastructure\Multitenant.Infrastructure.csproj", "{ADC8604E-126E-43A6-AF13-580FDB53B949}"
EndProject
Global
	GlobalSection(SolutionConfigurationPlatforms) = preSolution
		Debug|Any CPU = Debug|Any CPU
		Release|Any CPU = Release|Any CPU
	EndGlobalSection
	GlobalSection(ProjectConfigurationPlatforms) = postSolution
		{B23FCAEE-6441-4BAB-ABA1-94FB48B48526}.Debug|Any CPU.ActiveCfg = Debug|Any CPU
		{B23FCAEE-6441-4BAB-ABA1-94FB48B48526}.Debug|Any CPU.Build.0 = Debug|Any CPU
		{B23FCAEE-6441-4BAB-ABA1-94FB48B48526}.Release|Any CPU.ActiveCfg = Release|Any CPU
		{B23FCAEE-6441-4BAB-ABA1-94FB48B48526}.Release|Any CPU.Build.0 = Release|Any CPU
		{88F4E5F5-7C77-4628-93BF-CB5CA4D51BB6}.Debug|Any CPU.ActiveCfg = Debug|Any CPU
		{88F4E5F5-7C77-4628-93BF-CB5CA4D51BB6}.Debug|Any CPU.Build.0 = Debug|Any CPU
		{88F4E5F5-7C77-4628-93BF-CB5CA4D51BB6}.Release|Any CPU.ActiveCfg = Release|Any CPU
		{88F4E5F5-7C77-4628-93BF-CB5CA4D51BB6}.Release|Any CPU.Build.0 = Release|Any CPU
		{ADC8604E-126E-43A6-AF13-580FDB53B949}.Debug|Any CPU.ActiveCfg = Debug|Any CPU
		{ADC8604E-126E-43A6-AF13-580FDB53B949}.Debug|Any CPU.Build.0 = Debug|Any CPU
		{ADC8604E-126E-43A6-AF13-580FDB53B949}.Release|Any CPU.ActiveCfg = Release|Any CPU
		{ADC8604E-126E-43A6-AF13-580FDB53B949}.Release|Any CPU.Build.0 = Release|Any CPU
	EndGlobalSection
	GlobalSection(SolutionProperties) = preSolution
		HideSolutionNode = FALSE
	EndGlobalSection
	GlobalSection(ExtensibilityGlobals) = postSolution
		SolutionGuid = {0ED4FD94-A0C1-40BC-8D34-33A53B19729A}
	EndGlobalSection
EndGlobal
